// !$*UTF8*$!
{
	archiveVersion = 1;
	classes = {
	};
	objectVersion = 52;
	objects = {

/* Begin PBXBuildFile section */
		72786FC22649002400383C1E /* Alamofire in Frameworks */ = {isa = PBXBuildFile; productRef = 72786FC12649002400383C1E /* Alamofire */; };
		72786FC52649005900383C1E /* AlamofireImage in Frameworks */ = {isa = PBXBuildFile; productRef = 72786FC42649005900383C1E /* AlamofireImage */; };
		72786FC7264904B200383C1E /* SubCategories.swift in Sources */ = {isa = PBXBuildFile; fileRef = 72786FC6264904B200383C1E /* SubCategories.swift */; };
		72786FCA2649079100383C1E /* RootClass.swift in Sources */ = {isa = PBXBuildFile; fileRef = 72786FC92649079100383C1E /* RootClass.swift */; };
		72786FCC2649194400383C1E /* UrlJson.swift in Sources */ = {isa = PBXBuildFile; fileRef = 72786FCB2649194400383C1E /* UrlJson.swift */; };
		72786FCE264C5FCE00383C1E /* ParsingJsonImageURl.swift in Sources */ = {isa = PBXBuildFile; fileRef = 72786FCD264C5FCE00383C1E /* ParsingJsonImageURl.swift */; };
		72EDFB8A2645F2D2007ED56A /* AppDelegate.swift in Sources */ = {isa = PBXBuildFile; fileRef = 72EDFB892645F2D2007ED56A /* AppDelegate.swift */; };
		72EDFB8C2645F2D2007ED56A /* SceneDelegate.swift in Sources */ = {isa = PBXBuildFile; fileRef = 72EDFB8B2645F2D2007ED56A /* SceneDelegate.swift */; };
		72EDFB912645F2D2007ED56A /* Main.storyboard in Resources */ = {isa = PBXBuildFile; fileRef = 72EDFB8F2645F2D2007ED56A /* Main.storyboard */; };
		72EDFB932645F2D4007ED56A /* Assets.xcassets in Resources */ = {isa = PBXBuildFile; fileRef = 72EDFB922645F2D4007ED56A /* Assets.xcassets */; };
		72EDFB962645F2D4007ED56A /* LaunchScreen.storyboard in Resources */ = {isa = PBXBuildFile; fileRef = 72EDFB942645F2D4007ED56A /* LaunchScreen.storyboard */; };
		72EDFBA02645F3A7007ED56A /* MainTableTableViewController.swift in Sources */ = {isa = PBXBuildFile; fileRef = 72EDFB9F2645F3A7007ED56A /* MainTableTableViewController.swift */; };
		72EDFBA22645F3CD007ED56A /* Model.swift in Sources */ = {isa = PBXBuildFile; fileRef = 72EDFBA12645F3CD007ED56A /* Model.swift */; };
		72EDFBA42645FE41007ED56A /* ParsingJson.swift in Sources */ = {isa = PBXBuildFile; fileRef = 72EDFBA32645FE41007ED56A /* ParsingJson.swift */; };
		72EDFBA7264718CD007ED56A /* cell1.swift in Sources */ = {isa = PBXBuildFile; fileRef = 72EDFBA6264718CD007ED56A /* cell1.swift */; };
/* End PBXBuildFile section */

/* Begin PBXFileReference section */
		72786FC6264904B200383C1E /* SubCategories.swift */ = {isa = PBXFileReference; lastKnownFileType = sourcecode.swift; path = SubCategories.swift; sourceTree = "<group>"; };
		72786FC92649079100383C1E /* RootClass.swift */ = {isa = PBXFileReference; lastKnownFileType = sourcecode.swift; path = RootClass.swift; sourceTree = "<group>"; };
		72786FCB2649194400383C1E /* UrlJson.swift */ = {isa = PBXFileReference; lastKnownFileType = sourcecode.swift; path = UrlJson.swift; sourceTree = "<group>"; };
		72786FCD264C5FCE00383C1E /* ParsingJsonImageURl.swift */ = {isa = PBXFileReference; lastKnownFileType = sourcecode.swift; path = ParsingJsonImageURl.swift; sourceTree = "<group>"; };
		72EDFB862645F2D2007ED56A /* blackstarshop.app */ = {isa = PBXFileReference; explicitFileType = wrapper.application; includeInIndex = 0; path = blackstarshop.app; sourceTree = BUILT_PRODUCTS_DIR; };
		72EDFB892645F2D2007ED56A /* AppDelegate.swift */ = {isa = PBXFileReference; lastKnownFileType = sourcecode.swift; path = AppDelegate.swift; sourceTree = "<group>"; };
		72EDFB8B2645F2D2007ED56A /* SceneDelegate.swift */ = {isa = PBXFileReference; lastKnownFileType = sourcecode.swift; path = SceneDelegate.swift; sourceTree = "<group>"; };
		72EDFB902645F2D2007ED56A /* Base */ = {isa = PBXFileReference; lastKnownFileType = file.storyboard; name = Base; path = Base.lproj/Main.storyboard; sourceTree = "<group>"; };
		72EDFB922645F2D4007ED56A /* Assets.xcassets */ = {isa = PBXFileReference; lastKnownFileType = folder.assetcatalog; path = Assets.xcassets; sourceTree = "<group>"; };
		72EDFB952645F2D4007ED56A /* Base */ = {isa = PBXFileReference; lastKnownFileType = file.storyboard; name = Base; path = Base.lproj/LaunchScreen.storyboard; sourceTree = "<group>"; };
		72EDFB972645F2D4007ED56A /* Info.plist */ = {isa = PBXFileReference; lastKnownFileType = text.plist.xml; path = Info.plist; sourceTree = "<group>"; };
		72EDFB9F2645F3A7007ED56A /* MainTableTableViewController.swift */ = {isa = PBXFileReference; lastKnownFileType = sourcecode.swift; path = MainTableTableViewController.swift; sourceTree = "<group>"; };
		72EDFBA12645F3CD007ED56A /* Model.swift */ = {isa = PBXFileReference; lastKnownFileType = sourcecode.swift; path = Model.swift; sourceTree = "<group>"; };
		72EDFBA32645FE41007ED56A /* ParsingJson.swift */ = {isa = PBXFileReference; lastKnownFileType = sourcecode.swift; path = ParsingJson.swift; sourceTree = "<group>"; };
		72EDFBA6264718CD007ED56A /* cell1.swift */ = {isa = PBXFileReference; lastKnownFileType = sourcecode.swift; path = cell1.swift; sourceTree = "<group>"; };
/* End PBXFileReference section */

/* Begin PBXFrameworksBuildPhase section */
		72EDFB832645F2D2007ED56A /* Frameworks */ = {
			isa = PBXFrameworksBuildPhase;
			buildActionMask = 2147483647;
			files = (
				72786FC22649002400383C1E /* Alamofire in Frameworks */,
				72786FC52649005900383C1E /* AlamofireImage in Frameworks */,
			);
			runOnlyForDeploymentPostprocessing = 0;
		};
/* End PBXFrameworksBuildPhase section */

/* Begin PBXGroup section */
		72786FC82649068000383C1E /* ParsingJson */ = {
			isa = PBXGroup;
			children = (
				72EDFBA32645FE41007ED56A /* ParsingJson.swift */,
				72786FCD264C5FCE00383C1E /* ParsingJsonImageURl.swift */,
			);
			path = ParsingJson;
			sourceTree = "<group>";
		};
		72EDFB7D2645F2D2007ED56A = {
			isa = PBXGroup;
			children = (
				72EDFB882645F2D2007ED56A /* blackstarshop */,
				72EDFB872645F2D2007ED56A /* Products */,
			);
			sourceTree = "<group>";
		};
		72EDFB872645F2D2007ED56A /* Products */ = {
			isa = PBXGroup;
			children = (
				72EDFB862645F2D2007ED56A /* blackstarshop.app */,
			);
			name = Products;
			sourceTree = "<group>";
		};
		72EDFB882645F2D2007ED56A /* blackstarshop */ = {
			isa = PBXGroup;
			children = (
				72EDFB9D2645F337007ED56A /* Model */,
				72786FC82649068000383C1E /* ParsingJson */,
				72EDFB9E2645F349007ED56A /* ViewController */,
				72EDFB8F2645F2D2007ED56A /* Main.storyboard */,
				72EDFB922645F2D4007ED56A /* Assets.xcassets */,
				72EDFB892645F2D2007ED56A /* AppDelegate.swift */,
				72EDFB8B2645F2D2007ED56A /* SceneDelegate.swift */,
				72EDFB942645F2D4007ED56A /* LaunchScreen.storyboard */,
				72EDFB972645F2D4007ED56A /* Info.plist */,
			);
			path = blackstarshop;
			sourceTree = "<group>";
		};
		72EDFB9D2645F337007ED56A /* Model */ = {
			isa = PBXGroup;
			children = (
				72786FCB2649194400383C1E /* UrlJson.swift */,
				72786FC92649079100383C1E /* RootClass.swift */,
				72EDFBA12645F3CD007ED56A /* Model.swift */,
				72786FC6264904B200383C1E /* SubCategories.swift */,
			);
			path = Model;
			sourceTree = "<group>";
		};
		72EDFB9E2645F349007ED56A /* ViewController */ = {
			isa = PBXGroup;
			children = (
				72EDFB9F2645F3A7007ED56A /* MainTableTableViewController.swift */,
				72EDFBA5264718A4007ED56A /* cell */,
			);
			path = ViewController;
			sourceTree = "<group>";
		};
		72EDFBA5264718A4007ED56A /* cell */ = {
			isa = PBXGroup;
			children = (
				72EDFBA6264718CD007ED56A /* cell1.swift */,
			);
			path = cell;
			sourceTree = "<group>";
		};
/* End PBXGroup section */

/* Begin PBXNativeTarget section */
		72EDFB852645F2D2007ED56A /* blackstarshop */ = {
			isa = PBXNativeTarget;
			buildConfigurationList = 72EDFB9A2645F2D4007ED56A /* Build configuration list for PBXNativeTarget "blackstarshop" */;
			buildPhases = (
				72EDFB822645F2D2007ED56A /* Sources */,
				72EDFB832645F2D2007ED56A /* Frameworks */,
				72EDFB842645F2D2007ED56A /* Resources */,
			);
			buildRules = (
			);
			dependencies = (
			);
			name = blackstarshop;
			packageProductDependencies = (
				72786FC12649002400383C1E /* Alamofire */,
				72786FC42649005900383C1E /* AlamofireImage */,
			);
			productName = blackstarshop;
			productReference = 72EDFB862645F2D2007ED56A /* blackstarshop.app */;
			productType = "com.apple.product-type.application";
		};
/* End PBXNativeTarget section */

/* Begin PBXProject section */
		72EDFB7E2645F2D2007ED56A /* Project object */ = {
			isa = PBXProject;
			attributes = {
				LastSwiftUpdateCheck = 1250;
				LastUpgradeCheck = 1250;
				TargetAttributes = {
					72EDFB852645F2D2007ED56A = {
						CreatedOnToolsVersion = 12.5;
					};
				};
			};
			buildConfigurationList = 72EDFB812645F2D2007ED56A /* Build configuration list for PBXProject "blackstarshop" */;
			compatibilityVersion = "Xcode 9.3";
			developmentRegion = en;
			hasScannedForEncodings = 0;
			knownRegions = (
				en,
				Base,
			);
			mainGroup = 72EDFB7D2645F2D2007ED56A;
			packageReferences = (
				72786FC02649002400383C1E /* XCRemoteSwiftPackageReference "Alamofire" */,
				72786FC32649005900383C1E /* XCRemoteSwiftPackageReference "AlamofireImage" */,
			);
			productRefGroup = 72EDFB872645F2D2007ED56A /* Products */;
			projectDirPath = "";
			projectRoot = "";
			targets = (
				72EDFB852645F2D2007ED56A /* blackstarshop */,
			);
		};
/* End PBXProject section */

/* Begin PBXResourcesBuildPhase section */
		72EDFB842645F2D2007ED56A /* Resources */ = {
			isa = PBXResourcesBuildPhase;
			buildActionMask = 2147483647;
			files = (
				72EDFB962645F2D4007ED56A /* LaunchScreen.storyboard in Resources */,
				72EDFB932645F2D4007ED56A /* Assets.xcassets in Resources */,
				72EDFB912645F2D2007ED56A /* Main.storyboard in Resources */,
			);
			runOnlyForDeploymentPostprocessing = 0;
		};
/* End PBXResourcesBuildPhase section */

/* Begin PBXSourcesBuildPhase section */
		72EDFB822645F2D2007ED56A /* Sources */ = {
			isa = PBXSourcesBuildPhase;
			buildActionMask = 2147483647;
			files = (
				72EDFB8A2645F2D2007ED56A /* AppDelegate.swift in Sources */,
				72EDFBA7264718CD007ED56A /* cell1.swift in Sources */,
				72EDFBA42645FE41007ED56A /* ParsingJson.swift in Sources */,
				72786FC7264904B200383C1E /* SubCategories.swift in Sources */,
				72786FCA2649079100383C1E /* RootClass.swift in Sources */,
				72786FCC2649194400383C1E /* UrlJson.swift in Sources */,
				72EDFB8C2645F2D2007ED56A /* SceneDelegate.swift in Sources */,
				72EDFBA02645F3A7007ED56A /* MainTableTableViewController.swift in Sources */,
				72786FCE264C5FCE00383C1E /* ParsingJsonImageURl.swift in Sources */,
				72EDFBA22645F3CD007ED56A /* Model.swift in Sources */,
			);
			runOnlyForDeploymentPostprocessing = 0;
		};
/* End PBXSourcesBuildPhase section */

/* Begin PBXVariantGroup section */
		72EDFB8F2645F2D2007ED56A /* Main.storyboard */ = {
			isa = PBXVariantGroup;
			children = (
				72EDFB902645F2D2007ED56A /* Base */,
			);
			name = Main.storyboard;
			sourceTree = "<group>";
		};
		72EDFB942645F2D4007ED56A /* LaunchScreen.storyboard */ = {
			isa = PBXVariantGroup;
			children = (
				72EDFB952645F2D4007ED56A /* Base */,
			);
			name = LaunchScreen.storyboard;
			sourceTree = "<group>";
		};
/* End PBXVariantGroup section */

/* Begin XCBuildConfiguration section */
		72EDFB982645F2D4007ED56A /* Debug */ = {
			isa = XCBuildConfiguration;
			buildSettings = {
				ALWAYS_SEARCH_USER_PATHS = NO;
				CLANG_ANALYZER_NONNULL = YES;
				CLANG_ANALYZER_NUMBER_OBJECT_CONVERSION = YES_AGGRESSIVE;
				CLANG_CXX_LANGUAGE_STANDARD = "gnu++14";
				CLANG_CXX_LIBRARY = "libc++";
				CLANG_ENABLE_MODULES = YES;
				CLANG_ENABLE_OBJC_ARC = YES;
				CLANG_ENABLE_OBJC_WEAK = YES;
				CLANG_WARN_BLOCK_CAPTURE_AUTORELEASING = YES;
				CLANG_WARN_BOOL_CONVERSION = YES;
				CLANG_WARN_COMMA = YES;
				CLANG_WARN_CONSTANT_CONVERSION = YES;
				CLANG_WARN_DEPRECATED_OBJC_IMPLEMENTATIONS = YES;
				CLANG_WARN_DIRECT_OBJC_ISA_USAGE = YES_ERROR;
				CLANG_WARN_DOCUMENTATION_COMMENTS = YES;
				CLANG_WARN_EMPTY_BODY = YES;
				CLANG_WARN_ENUM_CONVERSION = YES;
				CLANG_WARN_INFINITE_RECURSION = YES;
				CLANG_WARN_INT_CONVERSION = YES;
				CLANG_WARN_NON_LITERAL_NULL_CONVERSION = YES;
				CLANG_WARN_OBJC_IMPLICIT_RETAIN_SELF = YES;
				CLANG_WARN_OBJC_LITERAL_CONVERSION = YES;
				CLANG_WARN_OBJC_ROOT_CLASS = YES_ERROR;
				CLANG_WARN_QUOTED_INCLUDE_IN_FRAMEWORK_HEADER = YES;
				CLANG_WARN_RANGE_LOOP_ANALYSIS = YES;
				CLANG_WARN_STRICT_PROTOTYPES = YES;
				CLANG_WARN_SUSPICIOUS_MOVE = YES;
				CLANG_WARN_UNGUARDED_AVAILABILITY = YES_AGGRESSIVE;
				CLANG_WARN_UNREACHABLE_CODE = YES;
				CLANG_WARN__DUPLICATE_METHOD_MATCH = YES;
				COPY_PHASE_STRIP = NO;
				DEBUG_INFORMATION_FORMAT = dwarf;
				ENABLE_STRICT_OBJC_MSGSEND = YES;
				ENABLE_TESTABILITY = YES;
				GCC_C_LANGUAGE_STANDARD = gnu11;
				GCC_DYNAMIC_NO_PIC = NO;
				GCC_NO_COMMON_BLOCKS = YES;
				GCC_OPTIMIZATION_LEVEL = 0;
				GCC_PREPROCESSOR_DEFINITIONS = (
					"DEBUG=1",
					"$(inherited)",
				);
				GCC_WARN_64_TO_32_BIT_CONVERSION = YES;
				GCC_WARN_ABOUT_RETURN_TYPE = YES_ERROR;
				GCC_WARN_UNDECLARED_SELECTOR = YES;
				GCC_WARN_UNINITIALIZED_AUTOS = YES_AGGRESSIVE;
				GCC_WARN_UNUSED_FUNCTION = YES;
				GCC_WARN_UNUSED_VARIABLE = YES;
				IPHONEOS_DEPLOYMENT_TARGET = 14.5;
				MTL_ENABLE_DEBUG_INFO = INCLUDE_SOURCE;
				MTL_FAST_MATH = YES;
				ONLY_ACTIVE_ARCH = YES;
				SDKROOT = iphoneos;
				SWIFT_ACTIVE_COMPILATION_CONDITIONS = DEBUG;
				SWIFT_OPTIMIZATION_LEVEL = "-Onone";
			};
			name = Debug;
		};
		72EDFB992645F2D4007ED56A /* Release */ = {
			isa = XCBuildConfiguration;
			buildSettings = {
				ALWAYS_SEARCH_USER_PATHS = NO;
				CLANG_ANALYZER_NONNULL = YES;
				CLANG_ANALYZER_NUMBER_OBJECT_CONVERSION = YES_AGGRESSIVE;
				CLANG_CXX_LANGUAGE_STANDARD = "gnu++14";
				CLANG_CXX_LIBRARY = "libc++";
				CLANG_ENABLE_MODULES = YES;
				CLANG_ENABLE_OBJC_ARC = YES;
				CLANG_ENABLE_OBJC_WEAK = YES;
				CLANG_WARN_BLOCK_CAPTURE_AUTORELEASING = YES;
				CLANG_WARN_BOOL_CONVERSION = YES;
				CLANG_WARN_COMMA = YES;
				CLANG_WARN_CONSTANT_CONVERSION = YES;
				CLANG_WARN_DEPRECATED_OBJC_IMPLEMENTATIONS = YES;
				CLANG_WARN_DIRECT_OBJC_ISA_USAGE = YES_ERROR;
				CLANG_WARN_DOCUMENTATION_COMMENTS = YES;
				CLANG_WARN_EMPTY_BODY = YES;
				CLANG_WARN_ENUM_CONVERSION = YES;
				CLANG_WARN_INFINITE_RECURSION = YES;
				CLANG_WARN_INT_CONVERSION = YES;
				CLANG_WARN_NON_LITERAL_NULL_CONVERSION = YES;
				CLANG_WARN_OBJC_IMPLICIT_RETAIN_SELF = YES;
				CLANG_WARN_OBJC_LITERAL_CONVERSION = YES;
				CLANG_WARN_OBJC_ROOT_CLASS = YES_ERROR;
				CLANG_WARN_QUOTED_INCLUDE_IN_FRAMEWORK_HEADER = YES;
				CLANG_WARN_RANGE_LOOP_ANALYSIS = YES;
				CLANG_WARN_STRICT_PROTOTYPES = YES;
				CLANG_WARN_SUSPICIOUS_MOVE = YES;
				CLANG_WARN_UNGUARDED_AVAILABILITY = YES_AGGRESSIVE;
				CLANG_WARN_UNREACHABLE_CODE = YES;
				CLANG_WARN__DUPLICATE_METHOD_MATCH = YES;
				COPY_PHASE_STRIP = NO;
				DEBUG_INFORMATION_FORMAT = "dwarf-with-dsym";
				ENABLE_NS_ASSERTIONS = NO;
				ENABLE_STRICT_OBJC_MSGSEND = YES;
				GCC_C_LANGUAGE_STANDARD = gnu11;
				GCC_NO_COMMON_BLOCKS = YES;
				GCC_WARN_64_TO_32_BIT_CONVERSION = YES;
				GCC_WARN_ABOUT_RETURN_TYPE = YES_ERROR;
				GCC_WARN_UNDECLARED_SELECTOR = YES;
				GCC_WARN_UNINITIALIZED_AUTOS = YES_AGGRESSIVE;
				GCC_WARN_UNUSED_FUNCTION = YES;
				GCC_WARN_UNUSED_VARIABLE = YES;
				IPHONEOS_DEPLOYMENT_TARGET = 14.5;
				MTL_ENABLE_DEBUG_INFO = NO;
				MTL_FAST_MATH = YES;
				SDKROOT = iphoneos;
				SWIFT_COMPILATION_MODE = wholemodule;
				SWIFT_OPTIMIZATION_LEVEL = "-O";
				VALIDATE_PRODUCT = YES;
			};
			name = Release;
		};
		72EDFB9B2645F2D4007ED56A /* Debug */ = {
			isa = XCBuildConfiguration;
			buildSettings = {
				ASSETCATALOG_COMPILER_APPICON_NAME = AppIcon;
				ASSETCATALOG_COMPILER_GLOBAL_ACCENT_COLOR_NAME = AccentColor;
				CODE_SIGN_STYLE = Automatic;
				DEVELOPMENT_TEAM = SQ9ZJQTQNM;
				INFOPLIST_FILE = blackstarshop/Info.plist;
				IPHONEOS_DEPLOYMENT_TARGET = 14.1;
				LD_RUNPATH_SEARCH_PATHS = (
					"$(inherited)",
					"@executable_path/Frameworks",
				);
				PRODUCT_BUNDLE_IDENTIFIER = "Andrei-Balobanov.blackstarshop";
				PRODUCT_NAME = "$(TARGET_NAME)";
				SWIFT_VERSION = 5.0;
				TARGETED_DEVICE_FAMILY = "1,2";
			};
			name = Debug;
		};
		72EDFB9C2645F2D4007ED56A /* Release */ = {
			isa = XCBuildConfiguration;
			buildSettings = {
				ASSETCATALOG_COMPILER_APPICON_NAME = AppIcon;
				ASSETCATALOG_COMPILER_GLOBAL_ACCENT_COLOR_NAME = AccentColor;
				CODE_SIGN_STYLE = Automatic;
				DEVELOPMENT_TEAM = SQ9ZJQTQNM;
				INFOPLIST_FILE = blackstarshop/Info.plist;
				IPHONEOS_DEPLOYMENT_TARGET = 14.1;
				LD_RUNPATH_SEARCH_PATHS = (
					"$(inherited)",
					"@executable_path/Frameworks",
				);
				PRODUCT_BUNDLE_IDENTIFIER = "Andrei-Balobanov.blackstarshop";
				PRODUCT_NAME = "$(TARGET_NAME)";
				SWIFT_VERSION = 5.0;
				TARGETED_DEVICE_FAMILY = "1,2";
			};
			name = Release;
		};
/* End XCBuildConfiguration section */

/* Begin XCConfigurationList section */
		72EDFB812645F2D2007ED56A /* Build configuration list for PBXProject "blackstarshop" */ = {
			isa = XCConfigurationList;
			buildConfigurations = (
				72EDFB982645F2D4007ED56A /* Debug */,
				72EDFB992645F2D4007ED56A /* Release */,
			);
			defaultConfigurationIsVisible = 0;
			defaultConfigurationName = Release;
		};
		72EDFB9A2645F2D4007ED56A /* Build configuration list for PBXNativeTarget "blackstarshop" */ = {
			isa = XCConfigurationList;
			buildConfigurations = (
				72EDFB9B2645F2D4007ED56A /* Debug */,
				72EDFB9C2645F2D4007ED56A /* Release */,
			);
			defaultConfigurationIsVisible = 0;
			defaultConfigurationName = Release;
		};
/* End XCConfigurationList section */

/* Begin XCRemoteSwiftPackageReference section */
		72786FC02649002400383C1E /* XCRemoteSwiftPackageReference "Alamofire" */ = {
			isa = XCRemoteSwiftPackageReference;
			repositoryURL = "https://github.com/Alamofire/Alamofire.git";
			requirement = {
				kind = upToNextMajorVersion;
				minimumVersion = 5.4.3;
			};
		};
		72786FC32649005900383C1E /* XCRemoteSwiftPackageReference "AlamofireImage" */ = {
			isa = XCRemoteSwiftPackageReference;
			repositoryURL = "https://github.com/Alamofire/AlamofireImage.git";
			requirement = {
				kind = upToNextMajorVersion;
				minimumVersion = 4.2.0;
			};
		};
/* End XCRemoteSwiftPackageReference section */

/* Begin XCSwiftPackageProductDependency section */
		72786FC12649002400383C1E /* Alamofire */ = {
			isa = XCSwiftPackageProductDependency;
			package = 72786FC02649002400383C1E /* XCRemoteSwiftPackageReference "Alamofire" */;
			productName = Alamofire;
		};
		72786FC42649005900383C1E /* AlamofireImage */ = {
			isa = XCSwiftPackageProductDependency;
			package = 72786FC32649005900383C1E /* XCRemoteSwiftPackageReference "AlamofireImage" */;
			productName = AlamofireImage;
		};
/* End XCSwiftPackageProductDependency section */
	};
	rootObject = 72EDFB7E2645F2D2007ED56A /* Project object */;
}
